// !$*UTF8*$!
{
	archiveVersion = 1;
	classes = {
	};
	objectVersion = 50;
	objects = {

/* Begin PBXBuildFile section */
		941660785DD87FB647AA2D14 /* libPods-calculator.a in Frameworks */ = {isa = PBXBuildFile; fileRef = 52AD556CB220ADBD05EF1EB9 /* libPods-calculator.a */; };
		9E36BB39232B9FD000A29C28 /* AppDelegate.m in Sources */ = {isa = PBXBuildFile; fileRef = 9E36BB38232B9FD000A29C28 /* AppDelegate.m */; };
		9E36BB3F232B9FD000A29C28 /* Main.storyboard in Resources */ = {isa = PBXBuildFile; fileRef = 9E36BB3D232B9FD000A29C28 /* Main.storyboard */; };
		9E36BB41232B9FD100A29C28 /* Assets.xcassets in Resources */ = {isa = PBXBuildFile; fileRef = 9E36BB40232B9FD100A29C28 /* Assets.xcassets */; };
		9E36BB44232B9FD100A29C28 /* LaunchScreen.storyboard in Resources */ = {isa = PBXBuildFile; fileRef = 9E36BB42232B9FD100A29C28 /* LaunchScreen.storyboard */; };
		9E36BB47232B9FD100A29C28 /* main.m in Sources */ = {isa = PBXBuildFile; fileRef = 9E36BB46232B9FD100A29C28 /* main.m */; };
		9E36BB51232B9FD100A29C28 /* calculatorTests.m in Sources */ = {isa = PBXBuildFile; fileRef = 9E36BB50232B9FD100A29C28 /* calculatorTests.m */; };
		9E36BB5C232B9FD100A29C28 /* calculatorUITests.m in Sources */ = {isa = PBXBuildFile; fileRef = 9E36BB5B232B9FD100A29C28 /* calculatorUITests.m */; };
		9E4494472341E1DF00267FF1 /* CalaulatorViewController.m in Sources */ = {isa = PBXBuildFile; fileRef = 9E4494462341E1DF00267FF1 /* CalaulatorViewController.m */; };
		9E44944D2341E24D00267FF1 /* CalculatorView.m in Sources */ = {isa = PBXBuildFile; fileRef = 9E44944C2341E24D00267FF1 /* CalculatorView.m */; };
		9E4494502341E26600267FF1 /* CalculatorModel.m in Sources */ = {isa = PBXBuildFile; fileRef = 9E44944F2341E26600267FF1 /* CalculatorModel.m */; };
/* End PBXBuildFile section */

/* Begin PBXContainerItemProxy section */
		9E36BB4D232B9FD100A29C28 /* PBXContainerItemProxy */ = {
			isa = PBXContainerItemProxy;
			containerPortal = 9E36BB2C232B9FD000A29C28 /* Project object */;
			proxyType = 1;
			remoteGlobalIDString = 9E36BB33232B9FD000A29C28;
			remoteInfo = calculator;
		};
		9E36BB58232B9FD100A29C28 /* PBXContainerItemProxy */ = {
			isa = PBXContainerItemProxy;
			containerPortal = 9E36BB2C232B9FD000A29C28 /* Project object */;
			proxyType = 1;
			remoteGlobalIDString = 9E36BB33232B9FD000A29C28;
			remoteInfo = calculator;
		};
/* End PBXContainerItemProxy section */

/* Begin PBXFileReference section */
		490FD8DAC49A4E6E36BCE670 /* Pods-calculator.debug.xcconfig */ = {isa = PBXFileReference; includeInIndex = 1; lastKnownFileType = text.xcconfig; name = "Pods-calculator.debug.xcconfig"; path = "Target Support Files/Pods-calculator/Pods-calculator.debug.xcconfig"; sourceTree = "<group>"; };
		52AD556CB220ADBD05EF1EB9 /* libPods-calculator.a */ = {isa = PBXFileReference; explicitFileType = archive.ar; includeInIndex = 0; path = "libPods-calculator.a"; sourceTree = BUILT_PRODUCTS_DIR; };
		9E36BB34232B9FD000A29C28 /* calculator.app */ = {isa = PBXFileReference; explicitFileType = wrapper.application; includeInIndex = 0; path = calculator.app; sourceTree = BUILT_PRODUCTS_DIR; };
		9E36BB37232B9FD000A29C28 /* AppDelegate.h */ = {isa = PBXFileReference; lastKnownFileType = sourcecode.c.h; path = AppDelegate.h; sourceTree = "<group>"; };
		9E36BB38232B9FD000A29C28 /* AppDelegate.m */ = {isa = PBXFileReference; lastKnownFileType = sourcecode.c.objc; path = AppDelegate.m; sourceTree = "<group>"; };
		9E36BB3E232B9FD000A29C28 /* Base */ = {isa = PBXFileReference; lastKnownFileType = file.storyboard; name = Base; path = Base.lproj/Main.storyboard; sourceTree = "<group>"; };
		9E36BB40232B9FD100A29C28 /* Assets.xcassets */ = {isa = PBXFileReference; lastKnownFileType = folder.assetcatalog; path = Assets.xcassets; sourceTree = "<group>"; };
		9E36BB43232B9FD100A29C28 /* Base */ = {isa = PBXFileReference; lastKnownFileType = file.storyboard; name = Base; path = Base.lproj/LaunchScreen.storyboard; sourceTree = "<group>"; };
		9E36BB45232B9FD100A29C28 /* Info.plist */ = {isa = PBXFileReference; lastKnownFileType = text.plist.xml; path = Info.plist; sourceTree = "<group>"; };
		9E36BB46232B9FD100A29C28 /* main.m */ = {isa = PBXFileReference; lastKnownFileType = sourcecode.c.objc; path = main.m; sourceTree = "<group>"; };
		9E36BB4C232B9FD100A29C28 /* calculatorTests.xctest */ = {isa = PBXFileReference; explicitFileType = wrapper.cfbundle; includeInIndex = 0; path = calculatorTests.xctest; sourceTree = BUILT_PRODUCTS_DIR; };
		9E36BB50232B9FD100A29C28 /* calculatorTests.m */ = {isa = PBXFileReference; lastKnownFileType = sourcecode.c.objc; path = calculatorTests.m; sourceTree = "<group>"; };
		9E36BB52232B9FD100A29C28 /* Info.plist */ = {isa = PBXFileReference; lastKnownFileType = text.plist.xml; path = Info.plist; sourceTree = "<group>"; };
		9E36BB57232B9FD100A29C28 /* calculatorUITests.xctest */ = {isa = PBXFileReference; explicitFileType = wrapper.cfbundle; includeInIndex = 0; path = calculatorUITests.xctest; sourceTree = BUILT_PRODUCTS_DIR; };
		9E36BB5B232B9FD100A29C28 /* calculatorUITests.m */ = {isa = PBXFileReference; lastKnownFileType = sourcecode.c.objc; path = calculatorUITests.m; sourceTree = "<group>"; };
		9E36BB5D232B9FD100A29C28 /* Info.plist */ = {isa = PBXFileReference; lastKnownFileType = text.plist.xml; path = Info.plist; sourceTree = "<group>"; };
		9E4494452341E1DF00267FF1 /* CalaulatorViewController.h */ = {isa = PBXFileReference; lastKnownFileType = sourcecode.c.h; path = CalaulatorViewController.h; sourceTree = "<group>"; };
		9E4494462341E1DF00267FF1 /* CalaulatorViewController.m */ = {isa = PBXFileReference; lastKnownFileType = sourcecode.c.objc; path = CalaulatorViewController.m; sourceTree = "<group>"; };
		9E44944B2341E24D00267FF1 /* CalculatorView.h */ = {isa = PBXFileReference; lastKnownFileType = sourcecode.c.h; path = CalculatorView.h; sourceTree = "<group>"; };
		9E44944C2341E24D00267FF1 /* CalculatorView.m */ = {isa = PBXFileReference; lastKnownFileType = sourcecode.c.objc; path = CalculatorView.m; sourceTree = "<group>"; };
		9E44944E2341E26600267FF1 /* CalculatorModel.h */ = {isa = PBXFileReference; lastKnownFileType = sourcecode.c.h; path = CalculatorModel.h; sourceTree = "<group>"; };
		9E44944F2341E26600267FF1 /* CalculatorModel.m */ = {isa = PBXFileReference; lastKnownFileType = sourcecode.c.objc; path = CalculatorModel.m; sourceTree = "<group>"; };
		FF7B21AFB43283760D7E21A1 /* Pods-calculator.release.xcconfig */ = {isa = PBXFileReference; includeInIndex = 1; lastKnownFileType = text.xcconfig; name = "Pods-calculator.release.xcconfig"; path = "Target Support Files/Pods-calculator/Pods-calculator.release.xcconfig"; sourceTree = "<group>"; };
/* End PBXFileReference section */

/* Begin PBXFrameworksBuildPhase section */
		9E36BB31232B9FD000A29C28 /* Frameworks */ = {
			isa = PBXFrameworksBuildPhase;
			buildActionMask = 2147483647;
			files = (
				941660785DD87FB647AA2D14 /* libPods-calculator.a in Frameworks */,
			);
			runOnlyForDeploymentPostprocessing = 0;
		};
		9E36BB49232B9FD100A29C28 /* Frameworks */ = {
			isa = PBXFrameworksBuildPhase;
			buildActionMask = 2147483647;
			files = (
			);
			runOnlyForDeploymentPostprocessing = 0;
		};
		9E36BB54232B9FD100A29C28 /* Frameworks */ = {
			isa = PBXFrameworksBuildPhase;
			buildActionMask = 2147483647;
			files = (
			);
			runOnlyForDeploymentPostprocessing = 0;
		};
/* End PBXFrameworksBuildPhase section */

/* Begin PBXGroup section */
		41FEBE0369EBF822A8ADE46A /* Frameworks */ = {
			isa = PBXGroup;
			children = (
				52AD556CB220ADBD05EF1EB9 /* libPods-calculator.a */,
			);
			name = Frameworks;
			sourceTree = "<group>";
		};
		666C4BDEE05770ED08D60AD1 /* Pods */ = {
			isa = PBXGroup;
			children = (
				490FD8DAC49A4E6E36BCE670 /* Pods-calculator.debug.xcconfig */,
				FF7B21AFB43283760D7E21A1 /* Pods-calculator.release.xcconfig */,
			);
			name = Pods;
			path = Pods;
			sourceTree = "<group>";
		};
		9E36BB2B232B9FD000A29C28 = {
			isa = PBXGroup;
			children = (
				9E36BB36232B9FD000A29C28 /* calculator */,
				9E36BB4F232B9FD100A29C28 /* calculatorTests */,
				9E36BB5A232B9FD100A29C28 /* calculatorUITests */,
				9E36BB35232B9FD000A29C28 /* Products */,
				666C4BDEE05770ED08D60AD1 /* Pods */,
				41FEBE0369EBF822A8ADE46A /* Frameworks */,
			);
			sourceTree = "<group>";
		};
		9E36BB35232B9FD000A29C28 /* Products */ = {
			isa = PBXGroup;
			children = (
				9E36BB34232B9FD000A29C28 /* calculator.app */,
				9E36BB4C232B9FD100A29C28 /* calculatorTests.xctest */,
				9E36BB57232B9FD100A29C28 /* calculatorUITests.xctest */,
			);
			name = Products;
			sourceTree = "<group>";
		};
		9E36BB36232B9FD000A29C28 /* calculator */ = {
			isa = PBXGroup;
			children = (
				9E4494442341E1B800267FF1 /* Model */,
				9E4494432341E1B000267FF1 /* View */,
				9E4494422341E1A300267FF1 /* Controller */,
				9E36BB37232B9FD000A29C28 /* AppDelegate.h */,
				9E36BB38232B9FD000A29C28 /* AppDelegate.m */,
				9E36BB3D232B9FD000A29C28 /* Main.storyboard */,
				9E36BB40232B9FD100A29C28 /* Assets.xcassets */,
				9E36BB42232B9FD100A29C28 /* LaunchScreen.storyboard */,
				9E36BB45232B9FD100A29C28 /* Info.plist */,
				9E36BB46232B9FD100A29C28 /* main.m */,
			);
			path = calculator;
			sourceTree = "<group>";
		};
		9E36BB4F232B9FD100A29C28 /* calculatorTests */ = {
			isa = PBXGroup;
			children = (
				9E36BB50232B9FD100A29C28 /* calculatorTests.m */,
				9E36BB52232B9FD100A29C28 /* Info.plist */,
			);
			path = calculatorTests;
			sourceTree = "<group>";
		};
		9E36BB5A232B9FD100A29C28 /* calculatorUITests */ = {
			isa = PBXGroup;
			children = (
				9E36BB5B232B9FD100A29C28 /* calculatorUITests.m */,
				9E36BB5D232B9FD100A29C28 /* Info.plist */,
			);
			path = calculatorUITests;
			sourceTree = "<group>";
		};
		9E4494422341E1A300267FF1 /* Controller */ = {
			isa = PBXGroup;
			children = (
				9E4494452341E1DF00267FF1 /* CalaulatorViewController.h */,
				9E4494462341E1DF00267FF1 /* CalaulatorViewController.m */,
			);
			path = Controller;
			sourceTree = "<group>";
		};
		9E4494432341E1B000267FF1 /* View */ = {
			isa = PBXGroup;
			children = (
				9E44944B2341E24D00267FF1 /* CalculatorView.h */,
				9E44944C2341E24D00267FF1 /* CalculatorView.m */,
			);
			path = View;
			sourceTree = "<group>";
		};
		9E4494442341E1B800267FF1 /* Model */ = {
			isa = PBXGroup;
			children = (
				9E44944E2341E26600267FF1 /* CalculatorModel.h */,
				9E44944F2341E26600267FF1 /* CalculatorModel.m */,
			);
			path = Model;
			sourceTree = "<group>";
		};
/* End PBXGroup section */

/* Begin PBXNativeTarget section */
		9E36BB33232B9FD000A29C28 /* calculator */ = {
			isa = PBXNativeTarget;
			buildConfigurationList = 9E36BB60232B9FD100A29C28 /* Build configuration list for PBXNativeTarget "calculator" */;
			buildPhases = (
				45D8BB4059E48F2674391861 /* [CP] Check Pods Manifest.lock */,
				9E36BB30232B9FD000A29C28 /* Sources */,
				9E36BB31232B9FD000A29C28 /* Frameworks */,
				9E36BB32232B9FD000A29C28 /* Resources */,
			);
			buildRules = (
			);
			dependencies = (
			);
			name = calculator;
			productName = calculator;
			productReference = 9E36BB34232B9FD000A29C28 /* calculator.app */;
			productType = "com.apple.product-type.application";
		};
		9E36BB4B232B9FD100A29C28 /* calculatorTests */ = {
			isa = PBXNativeTarget;
			buildConfigurationList = 9E36BB63232B9FD100A29C28 /* Build configuration list for PBXNativeTarget "calculatorTests" */;
			buildPhases = (
				9E36BB48232B9FD100A29C28 /* Sources */,
				9E36BB49232B9FD100A29C28 /* Frameworks */,
				9E36BB4A232B9FD100A29C28 /* Resources */,
			);
			buildRules = (
			);
			dependencies = (
				9E36BB4E232B9FD100A29C28 /* PBXTargetDependency */,
			);
			name = calculatorTests;
			productName = calculatorTests;
			productReference = 9E36BB4C232B9FD100A29C28 /* calculatorTests.xctest */;
			productType = "com.apple.product-type.bundle.unit-test";
		};
		9E36BB56232B9FD100A29C28 /* calculatorUITests */ = {
			isa = PBXNativeTarget;
			buildConfigurationList = 9E36BB66232B9FD100A29C28 /* Build configuration list for PBXNativeTarget "calculatorUITests" */;
			buildPhases = (
				9E36BB53232B9FD100A29C28 /* Sources */,
				9E36BB54232B9FD100A29C28 /* Frameworks */,
				9E36BB55232B9FD100A29C28 /* Resources */,
			);
			buildRules = (
			);
			dependencies = (
				9E36BB59232B9FD100A29C28 /* PBXTargetDependency */,
			);
			name = calculatorUITests;
			productName = calculatorUITests;
			productReference = 9E36BB57232B9FD100A29C28 /* calculatorUITests.xctest */;
			productType = "com.apple.product-type.bundle.ui-testing";
		};
/* End PBXNativeTarget section */

/* Begin PBXProject section */
		9E36BB2C232B9FD000A29C28 /* Project object */ = {
			isa = PBXProject;
			attributes = {
				LastUpgradeCheck = 1020;
				ORGANIZATIONNAME = "Jaya Shen";
				TargetAttributes = {
					9E36BB33232B9FD000A29C28 = {
						CreatedOnToolsVersion = 10.2.1;
					};
					9E36BB4B232B9FD100A29C28 = {
						CreatedOnToolsVersion = 10.2.1;
						TestTargetID = 9E36BB33232B9FD000A29C28;
					};
					9E36BB56232B9FD100A29C28 = {
						CreatedOnToolsVersion = 10.2.1;
						TestTargetID = 9E36BB33232B9FD000A29C28;
					};
				};
			};
			buildConfigurationList = 9E36BB2F232B9FD000A29C28 /* Build configuration list for PBXProject "calculator" */;
			compatibilityVersion = "Xcode 9.3";
			developmentRegion = en;
			hasScannedForEncodings = 0;
			knownRegions = (
				en,
				Base,
			);
			mainGroup = 9E36BB2B232B9FD000A29C28;
			productRefGroup = 9E36BB35232B9FD000A29C28 /* Products */;
			projectDirPath = "";
			projectRoot = "";
			targets = (
				9E36BB33232B9FD000A29C28 /* calculator */,
				9E36BB4B232B9FD100A29C28 /* calculatorTests */,
				9E36BB56232B9FD100A29C28 /* calculatorUITests */,
			);
		};
/* End PBXProject section */

/* Begin PBXResourcesBuildPhase section */
		9E36BB32232B9FD000A29C28 /* Resources */ = {
			isa = PBXResourcesBuildPhase;
			buildActionMask = 2147483647;
			files = (
				9E36BB44232B9FD100A29C28 /* LaunchScreen.storyboard in Resources */,
				9E36BB41232B9FD100A29C28 /* Assets.xcassets in Resources */,
				9E36BB3F232B9FD000A29C28 /* Main.storyboard in Resources */,
			);
			runOnlyForDeploymentPostprocessing = 0;
		};
		9E36BB4A232B9FD100A29C28 /* Resources */ = {
			isa = PBXResourcesBuildPhase;
			buildActionMask = 2147483647;
			files = (
			);
			runOnlyForDeploymentPostprocessing = 0;
		};
		9E36BB55232B9FD100A29C28 /* Resources */ = {
			isa = PBXResourcesBuildPhase;
			buildActionMask = 2147483647;
			files = (
			);
			runOnlyForDeploymentPostprocessing = 0;
		};
/* End PBXResourcesBuildPhase section */

/* Begin PBXShellScriptBuildPhase section */
		45D8BB4059E48F2674391861 /* [CP] Check Pods Manifest.lock */ = {
			isa = PBXShellScriptBuildPhase;
			buildActionMask = 2147483647;
			files = (
			);
			inputFileListPaths = (
			);
			inputPaths = (
				"${PODS_PODFILE_DIR_PATH}/Podfile.lock",
				"${PODS_ROOT}/Manifest.lock",
			);
			name = "[CP] Check Pods Manifest.lock";
			outputFileListPaths = (
			);
			outputPaths = (
				"$(DERIVED_FILE_DIR)/Pods-calculator-checkManifestLockResult.txt",
			);
			runOnlyForDeploymentPostprocessing = 0;
			shellPath = /bin/sh;
			shellScript = "diff \"${PODS_PODFILE_DIR_PATH}/Podfile.lock\" \"${PODS_ROOT}/Manifest.lock\" > /dev/null\nif [ $? != 0 ] ; then\n    # print error to STDERR\n    echo \"error: The sandbox is not in sync with the Podfile.lock. Run 'pod install' or update your CocoaPods installation.\" >&2\n    exit 1\nfi\n# This output is used by Xcode 'outputs' to avoid re-running this script phase.\necho \"SUCCESS\" > \"${SCRIPT_OUTPUT_FILE_0}\"\n";
			showEnvVarsInLog = 0;
		};
/* End PBXShellScriptBuildPhase section */

/* Begin PBXSourcesBuildPhase section */
		9E36BB30232B9FD000A29C28 /* Sources */ = {
			isa = PBXSourcesBuildPhase;
			buildActionMask = 2147483647;
			files = (
				9E44944D2341E24D00267FF1 /* CalculatorView.m in Sources */,
				9E36BB47232B9FD100A29C28 /* main.m in Sources */,
				9E4494472341E1DF00267FF1 /* CalaulatorViewController.m in Sources */,
				9E4494502341E26600267FF1 /* CalculatorModel.m in Sources */,
				9E36BB39232B9FD000A29C28 /* AppDelegate.m in Sources */,
			);
			runOnlyForDeploymentPostprocessing = 0;
		};
		9E36BB48232B9FD100A29C28 /* Sources */ = {
			isa = PBXSourcesBuildPhase;
			buildActionMask = 2147483647;
			files = (
				9E36BB51232B9FD100A29C28 /* calculatorTests.m in Sources */,
			);
			runOnlyForDeploymentPostprocessing = 0;
		};
		9E36BB53232B9FD100A29C28 /* Sources */ = {
			isa = PBXSourcesBuildPhase;
			buildActionMask = 2147483647;
			files = (
				9E36BB5C232B9FD100A29C28 /* calculatorUITests.m in Sources */,
			);
			runOnlyForDeploymentPostprocessing = 0;
		};
/* End PBXSourcesBuildPhase section */

/* Begin PBXTargetDependency section */
		9E36BB4E232B9FD100A29C28 /* PBXTargetDependency */ = {
			isa = PBXTargetDependency;
			target = 9E36BB33232B9FD000A29C28 /* calculator */;
			targetProxy = 9E36BB4D232B9FD100A29C28 /* PBXContainerItemProxy */;
		};
		9E36BB59232B9FD100A29C28 /* PBXTargetDependency */ = {
			isa = PBXTargetDependency;
			target = 9E36BB33232B9FD000A29C28 /* calculator */;
			targetProxy = 9E36BB58232B9FD100A29C28 /* PBXContainerItemProxy */;
		};
/* End PBXTargetDependency section */

/* Begin PBXVariantGroup section */
		9E36BB3D232B9FD000A29C28 /* Main.storyboard */ = {
			isa = PBXVariantGroup;
			children = (
				9E36BB3E232B9FD000A29C28 /* Base */,
			);
			name = Main.storyboard;
			sourceTree = "<group>";
		};
		9E36BB42232B9FD100A29C28 /* LaunchScreen.storyboard */ = {
			isa = PBXVariantGroup;
			children = (
				9E36BB43232B9FD100A29C28 /* Base */,
			);
			name = LaunchScreen.storyboard;
			sourceTree = "<group>";
		};
/* End PBXVariantGroup section */

/* Begin XCBuildConfiguration section */
		9E36BB5E232B9FD100A29C28 /* Debug */ = {
			isa = XCBuildConfiguration;
			buildSettings = {
				ALWAYS_SEARCH_USER_PATHS = NO;
				CLANG_ANALYZER_NONNULL = YES;
				CLANG_ANALYZER_NUMBER_OBJECT_CONVERSION = YES_AGGRESSIVE;
				CLANG_CXX_LANGUAGE_STANDARD = "gnu++14";
				CLANG_CXX_LIBRARY = "libc++";
				CLANG_ENABLE_MODULES = YES;
				CLANG_ENABLE_OBJC_ARC = YES;
				CLANG_ENABLE_OBJC_WEAK = YES;
				CLANG_WARN_BLOCK_CAPTURE_AUTORELEASING = YES;
				CLANG_WARN_BOOL_CONVERSION = YES;
				CLANG_WARN_COMMA = YES;
				CLANG_WARN_CONSTANT_CONVERSION = YES;
				CLANG_WARN_DEPRECATED_OBJC_IMPLEMENTATIONS = YES;
				CLANG_WARN_DIRECT_OBJC_ISA_USAGE = YES_ERROR;
				CLANG_WARN_DOCUMENTATION_COMMENTS = YES;
				CLANG_WARN_EMPTY_BODY = YES;
				CLANG_WARN_ENUM_CONVERSION = YES;
				CLANG_WARN_INFINITE_RECURSION = YES;
				CLANG_WARN_INT_CONVERSION = YES;
				CLANG_WARN_NON_LITERAL_NULL_CONVERSION = YES;
				CLANG_WARN_OBJC_IMPLICIT_RETAIN_SELF = YES;
				CLANG_WARN_OBJC_LITERAL_CONVERSION = YES;
				CLANG_WARN_OBJC_ROOT_CLASS = YES_ERROR;
				CLANG_WARN_RANGE_LOOP_ANALYSIS = YES;
				CLANG_WARN_STRICT_PROTOTYPES = YES;
				CLANG_WARN_SUSPICIOUS_MOVE = YES;
				CLANG_WARN_UNGUARDED_AVAILABILITY = YES_AGGRESSIVE;
				CLANG_WARN_UNREACHABLE_CODE = YES;
				CLANG_WARN__DUPLICATE_METHOD_MATCH = YES;
				CODE_SIGN_IDENTITY = "iPhone Developer";
				COPY_PHASE_STRIP = NO;
				DEBUG_INFORMATION_FORMAT = dwarf;
				ENABLE_STRICT_OBJC_MSGSEND = YES;
				ENABLE_TESTABILITY = YES;
				GCC_C_LANGUAGE_STANDARD = gnu11;
				GCC_DYNAMIC_NO_PIC = NO;
				GCC_NO_COMMON_BLOCKS = YES;
				GCC_OPTIMIZATION_LEVEL = 0;
				GCC_PREPROCESSOR_DEFINITIONS = (
					"DEBUG=1",
					"$(inherited)",
				);
				GCC_WARN_64_TO_32_BIT_CONVERSION = YES;
				GCC_WARN_ABOUT_RETURN_TYPE = YES_ERROR;
				GCC_WARN_UNDECLARED_SELECTOR = YES;
				GCC_WARN_UNINITIALIZED_AUTOS = YES_AGGRESSIVE;
				GCC_WARN_UNUSED_FUNCTION = YES;
				GCC_WARN_UNUSED_VARIABLE = YES;
				IPHONEOS_DEPLOYMENT_TARGET = 12.2;
				MTL_ENABLE_DEBUG_INFO = INCLUDE_SOURCE;
				MTL_FAST_MATH = YES;
				ONLY_ACTIVE_ARCH = YES;
				SDKROOT = iphoneos;
			};
			name = Debug;
		};
		9E36BB5F232B9FD100A29C28 /* Release */ = {
			isa = XCBuildConfiguration;
			buildSettings = {
				ALWAYS_SEARCH_USER_PATHS = NO;
				CLANG_ANALYZER_NONNULL = YES;
				CLANG_ANALYZER_NUMBER_OBJECT_CONVERSION = YES_AGGRESSIVE;
				CLANG_CXX_LANGUAGE_STANDARD = "gnu++14";
				CLANG_CXX_LIBRARY = "libc++";
				CLANG_ENABLE_MODULES = YES;
				CLANG_ENABLE_OBJC_ARC = YES;
				CLANG_ENABLE_OBJC_WEAK = YES;
				CLANG_WARN_BLOCK_CAPTURE_AUTORELEASING = YES;
				CLANG_WARN_BOOL_CONVERSION = YES;
				CLANG_WARN_COMMA = YES;
				CLANG_WARN_CONSTANT_CONVERSION = YES;
				CLANG_WARN_DEPRECATED_OBJC_IMPLEMENTATIONS = YES;
				CLANG_WARN_DIRECT_OBJC_ISA_USAGE = YES_ERROR;
				CLANG_WARN_DOCUMENTATION_COMMENTS = YES;
				CLANG_WARN_EMPTY_BODY = YES;
				CLANG_WARN_ENUM_CONVERSION = YES;
				CLANG_WARN_INFINITE_RECURSION = YES;
				CLANG_WARN_INT_CONVERSION = YES;
				CLANG_WARN_NON_LITERAL_NULL_CONVERSION = YES;
				CLANG_WARN_OBJC_IMPLICIT_RETAIN_SELF = YES;
				CLANG_WARN_OBJC_LITERAL_CONVERSION = YES;
				CLANG_WARN_OBJC_ROOT_CLASS = YES_ERROR;
				CLANG_WARN_RANGE_LOOP_ANALYSIS = YES;
				CLANG_WARN_STRICT_PROTOTYPES = YES;
				CLANG_WARN_SUSPICIOUS_MOVE = YES;
				CLANG_WARN_UNGUARDED_AVAILABILITY = YES_AGGRESSIVE;
				CLANG_WARN_UNREACHABLE_CODE = YES;
				CLANG_WARN__DUPLICATE_METHOD_MATCH = YES;
				CODE_SIGN_IDENTITY = "iPhone Developer";
				COPY_PHASE_STRIP = NO;
				DEBUG_INFORMATION_FORMAT = "dwarf-with-dsym";
				ENABLE_NS_ASSERTIONS = NO;
				ENABLE_STRICT_OBJC_MSGSEND = YES;
				GCC_C_LANGUAGE_STANDARD = gnu11;
				GCC_NO_COMMON_BLOCKS = YES;
				GCC_WARN_64_TO_32_BIT_CONVERSION = YES;
				GCC_WARN_ABOUT_RETURN_TYPE = YES_ERROR;
				GCC_WARN_UNDECLARED_SELECTOR = YES;
				GCC_WARN_UNINITIALIZED_AUTOS = YES_AGGRESSIVE;
				GCC_WARN_UNUSED_FUNCTION = YES;
				GCC_WARN_UNUSED_VARIABLE = YES;
				IPHONEOS_DEPLOYMENT_TARGET = 12.2;
				MTL_ENABLE_DEBUG_INFO = NO;
				MTL_FAST_MATH = YES;
				SDKROOT = iphoneos;
				VALIDATE_PRODUCT = YES;
			};
			name = Release;
		};
		9E36BB61232B9FD100A29C28 /* Debug */ = {
			isa = XCBuildConfiguration;
			baseConfigurationReference = 490FD8DAC49A4E6E36BCE670 /* Pods-calculator.debug.xcconfig */;
			buildSettings = {
				ASSETCATALOG_COMPILER_APPICON_NAME = AppIcon;
				CODE_SIGN_STYLE = Automatic;
				INFOPLIST_FILE = calculator/Info.plist;
				LD_RUNPATH_SEARCH_PATHS = (
					"$(inherited)",
					"@executable_path/Frameworks",
				);
				PRODUCT_BUNDLE_IDENTIFIER = oc.calculator;
				PRODUCT_NAME = "$(TARGET_NAME)";
				TARGETED_DEVICE_FAMILY = "1,2";
			};
			name = Debug;
		};
		9E36BB62232B9FD100A29C28 /* Release */ = {
			isa = XCBuildConfiguration;
			baseConfigurationReference = FF7B21AFB43283760D7E21A1 /* Pods-calculator.release.xcconfig */;
			buildSettings = {
				ASSETCATALOG_COMPILER_APPICON_NAME = AppIcon;
				CODE_SIGN_STYLE = Automatic;
				INFOPLIST_FILE = calculator/Info.plist;
				LD_RUNPATH_SEARCH_PATHS = (
					"$(inherited)",
					"@executable_path/Frameworks",
				);
				PRODUCT_BUNDLE_IDENTIFIER = oc.calculator;
				PRODUCT_NAME = "$(TARGET_NAME)";
				TARGETED_DEVICE_FAMILY = "1,2";
			};
			name = Release;
		};
		9E36BB64232B9FD100A29C28 /* Debug */ = {
			isa = XCBuildConfiguration;
			buildSettings = {
				BUNDLE_LOADER = "$(TEST_HOST)";
				CODE_SIGN_STYLE = Automatic;
				INFOPLIST_FILE = calculatorTests/Info.plist;
				LD_RUNPATH_SEARCH_PATHS = (
					"$(inherited)",
					"@executable_path/Frameworks",
					"@loader_path/Frameworks",
				);
				PRODUCT_BUNDLE_IDENTIFIER = oc.calculatorTests;
				PRODUCT_NAME = "$(TARGET_NAME)";
				TARGETED_DEVICE_FAMILY = "1,2";
				TEST_HOST = "$(BUILT_PRODUCTS_DIR)/calculator.app/calculator";
			};
			name = Debug;
		};
		9E36BB65232B9FD100A29C28 /* Release */ = {
			isa = XCBuildConfiguration;
			buildSettings = {
				BUNDLE_LOADER = "$(TEST_HOST)";
				CODE_SIGN_STYLE = Automatic;
				INFOPLIST_FILE = calculatorTests/Info.plist;
				LD_RUNPATH_SEARCH_PATHS = (
					"$(inherited)",
					"@executable_path/Frameworks",
					"@loader_path/Frameworks",
				);
				PRODUCT_BUNDLE_IDENTIFIER = oc.calculatorTests;
				PRODUCT_NAME = "$(TARGET_NAME)";
				TARGETED_DEVICE_FAMILY = "1,2";
				TEST_HOST = "$(BUILT_PRODUCTS_DIR)/calculator.app/calculator";
			};
			name = Release;
		};
		9E36BB67232B9FD100A29C28 /* Debug */ = {
			isa = XCBuildConfiguration;
			buildSettings = {
				CODE_SIGN_STYLE = Automatic;
				INFOPLIST_FILE = calculatorUITests/Info.plist;
				LD_RUNPATH_SEARCH_PATHS = (
					"$(inherited)",
					"@executable_path/Frameworks",
					"@loader_path/Frameworks",
				);
				PRODUCT_BUNDLE_IDENTIFIER = oc.calculatorUITests;
				PRODUCT_NAME = "$(TARGET_NAME)";
				TARGETED_DEVICE_FAMILY = "1,2";
				TEST_TARGET_NAME = calculator;
			};
			name = Debug;
		};
		9E36BB68232B9FD100A29C28 /* Release */ = {
			isa = XCBuildConfiguration;
			buildSettings = {
				CODE_SIGN_STYLE = Automatic;
				INFOPLIST_FILE = calculatorUITests/Info.plist;
				LD_RUNPATH_SEARCH_PATHS = (
					"$(inherited)",
					"@executable_path/Frameworks",
					"@loader_path/Frameworks",
				);
				PRODUCT_BUNDLE_IDENTIFIER = oc.calculatorUITests;
				PRODUCT_NAME = "$(TARGET_NAME)";
				TARGETED_DEVICE_FAMILY = "1,2";
				TEST_TARGET_NAME = calculator;
			};
			name = Release;
		};
/* End XCBuildConfiguration section */

/* Begin XCConfigurationList section */
		9E36BB2F232B9FD000A29C28 /* Build configuration list for PBXProject "calculator" */ = {
			isa = XCConfigurationList;
			buildConfigurations = (
				9E36BB5E232B9FD100A29C28 /* Debug */,
				9E36BB5F232B9FD100A29C28 /* Release */,
			);
			defaultConfigurationIsVisible = 0;
			defaultConfigurationName = Release;
		};
		9E36BB60232B9FD100A29C28 /* Build configuration list for PBXNativeTarget "calculator" */ = {
			isa = XCConfigurationList;
			buildConfigurations = (
				9E36BB61232B9FD100A29C28 /* Debug */,
				9E36BB62232B9FD100A29C28 /* Release */,
			);
			defaultConfigurationIsVisible = 0;
			defaultConfigurationName = Release;
		};
		9E36BB63232B9FD100A29C28 /* Build configuration list for PBXNativeTarget "calculatorTests" */ = {
			isa = XCConfigurationList;
			buildConfigurations = (
				9E36BB64232B9FD100A29C28 /* Debug */,
				9E36BB65232B9FD100A29C28 /* Release */,
			);
			defaultConfigurationIsVisible = 0;
			defaultConfigurationName = Release;
		};
		9E36BB66232B9FD100A29C28 /* Build configuration list for PBXNativeTarget "calculatorUITests" */ = {
			isa = XCConfigurationList;
			buildConfigurations = (
				9E36BB67232B9FD100A29C28 /* Debug */,
				9E36BB68232B9FD100A29C28 /* Release */,
			);
			defaultConfigurationIsVisible = 0;
			defaultConfigurationName = Release;
		};
/* End XCConfigurationList section */
	};
	rootObject = 9E36BB2C232B9FD000A29C28 /* Project object */;
}
